Microsoft Visual Studio Solution File, Format Version 12.00
# Visual Studio Version 17
VisualStudioVersion = 17.5.2.0
MinimumVisualStudioVersion = 10.0.40219.1
Project("{FAE04EC0-301F-11D3-BF4B-00C04F79EFBC}") = "ParticleConverter", "ParticleConverter.csproj", "{E03B8A57-636F-1628-F2DD-D5C5FB12F738}"
EndProject
Global
	GlobalSection(SolutionConfigurationPlatforms) = preSolution
		Debug|Any CPU = Debug|Any CPU
		Release|Any CPU = Release|Any CPU
	EndGlobalSection
	GlobalSection(ProjectConfigurationPlatforms) = postSolution
		{E03B8A57-636F-1628-F2DD-D5C5FB12F738}.Debug|Any CPU.ActiveCfg = Debug|Any CPU
		{E03B8A57-636F-1628-F2DD-D5C5FB12F738}.Debug|Any CPU.Build.0 = Debug|Any CPU
		{E03B8A57-636F-1628-F2DD-D5C5FB12F738}.Release|Any CPU.ActiveCfg = Release|Any CPU
		{E03B8A57-636F-1628-F2DD-D5C5FB12F738}.Release|Any CPU.Build.0 = Release|Any CPU
	EndGlobalSection
	GlobalSection(SolutionProperties) = preSolution
		HideSolutionNode = FALSE
	EndGlobalSection
	GlobalSection(ExtensibilityGlobals) = postSolution
		SolutionGuid = {3FC40BD2-2710-4062-BE33-765053D2155D}
	EndGlobalSection
EndGlobal
